lockfileVersion: '9.0'

settings:
  autoInstallPeers: true
  excludeLinksFromLockfile: false

importers:

  .:
    devDependencies:
      only-allow:
        specifier: ^1.2.1
        version: 1.2.1
      pnpm:
        specifier: ^9.7.1
        version: 9.7.1
      prettier:
        specifier: ^3.3.3
        version: 3.3.3

packages:

  only-allow@1.2.1:
    resolution: {integrity: sha512-M7CJbmv7UCopc0neRKdzfoGWaVZC+xC1925GitKH9EAqYFzX9//25Q7oX4+jw0tiCCj+t5l6VZh8UPH23NZkMA==}
    hasBin: true

  pnpm@9.7.1:
    resolution: {integrity: sha512-+vNEry1splxMXIwiJOp3qBpeiFnLxOBrFRHdzi8BUVEkMd0Z5q/zHyxqj18qztm9InPh/tfdTeGGiYQFnSxCRw==}
    engines: {node: '>=18.12'}
    hasBin: true

  prettier@3.3.3:
    resolution: {integrity: sha512-i2tDNA0O5IrMO757lfrdQZCc2jPNDVntV0m/+4whiDfWaTKfMNgR7Qz0NAeGz/nRqF4m5/6CLzbP4/liHt12Ew==}
    engines: {node: '>=14'}
    hasBin: true

  which-pm-runs@1.1.0:
    resolution: {integrity: sha512-n1brCuqClxfFfq/Rb0ICg9giSZqCS+pLtccdag6C2HyufBrh3fBOiy9nb6ggRMvWOVH5GrdJskj5iGTZNxd7SA==}
    engines: {node: '>=4'}

snapshots:

  only-allow@1.2.1:
    dependencies:
      which-pm-runs: 1.1.0

  pnpm@9.7.1: {}

  prettier@3.3.3: {}

  which-pm-runs@1.1.0: {}
